
Microsoft Visual Studio Solution File, Format Version 12.00
# Visual Studio Version 16
VisualStudioVersion = 16.0.30413.136
MinimumVisualStudioVersion = 10.0.40219.1
Project("{FAE04EC0-301F-11D3-BF4B-00C04F79EFBC}") = "ListsAndFiles", "ListsAndFiles\ListsAndFiles.csproj", "{851F6BBE-8D40-4A95-9B8B-6160BED65CD1}"
EndProject
Project("{FAE04EC0-301F-11D3-BF4B-00C04F79EFBC}") = "WorkingWithFiles", "WorkingWithFiles\WorkingWithFiles.csproj", "{EE4CA8DD-40F5-4140-AA0A-73EB3264A466}"
EndProject
Project("{FAE04EC0-301F-11D3-BF4B-00C04F79EFBC}") = "WishList", "WishList\WishList.csproj", "{B2C60D25-B75B-46C9-AF98-95ACE00FA801}"
EndProject
Global
	GlobalSection(SolutionConfigurationPlatforms) = preSolution
		Debug|Any CPU = Debug|Any CPU
		Release|Any CPU = Release|Any CPU
	EndGlobalSection
	GlobalSection(ProjectConfigurationPlatforms) = postSolution
		{851F6BBE-8D40-4A95-9B8B-6160BED65CD1}.Debug|Any CPU.ActiveCfg = Debug|Any CPU
		{851F6BBE-8D40-4A95-9B8B-6160BED65CD1}.Debug|Any CPU.Build.0 = Debug|Any CPU
		{851F6BBE-8D40-4A95-9B8B-6160BED65CD1}.Release|Any CPU.ActiveCfg = Release|Any CPU
		{851F6BBE-8D40-4A95-9B8B-6160BED65CD1}.Release|Any CPU.Build.0 = Release|Any CPU
		{EE4CA8DD-40F5-4140-AA0A-73EB3264A466}.Debug|Any CPU.ActiveCfg = Debug|Any CPU
		{EE4CA8DD-40F5-4140-AA0A-73EB3264A466}.Debug|Any CPU.Build.0 = Debug|Any CPU
		{EE4CA8DD-40F5-4140-AA0A-73EB3264A466}.Release|Any CPU.ActiveCfg = Release|Any CPU
		{EE4CA8DD-40F5-4140-AA0A-73EB3264A466}.Release|Any CPU.Build.0 = Release|Any CPU
		{B2C60D25-B75B-46C9-AF98-95ACE00FA801}.Debug|Any CPU.ActiveCfg = Debug|Any CPU
		{B2C60D25-B75B-46C9-AF98-95ACE00FA801}.Debug|Any CPU.Build.0 = Debug|Any CPU
		{B2C60D25-B75B-46C9-AF98-95ACE00FA801}.Release|Any CPU.ActiveCfg = Release|Any CPU
		{B2C60D25-B75B-46C9-AF98-95ACE00FA801}.Release|Any CPU.Build.0 = Release|Any CPU
	EndGlobalSection
	GlobalSection(SolutionProperties) = preSolution
		HideSolutionNode = FALSE
	EndGlobalSection
	GlobalSection(ExtensibilityGlobals) = postSolution
		SolutionGuid = {D969DC82-6F06-40A7-A4C6-B24E6FAD95AA}
	EndGlobalSection
EndGlobal
